
Microsoft Visual Studio Solution File, Format Version 12.00
# Visual Studio Version 17
VisualStudioVersion = 17.13.35825.156 d17.13
MinimumVisualStudioVersion = 10.0.40219.1
Project("{FAE04EC0-301F-11D3-BF4B-00C04F79EFBC}") = "EducationManagementSOlution", "EducationManagementSOlution\EducationManagementSOlution.csproj", "{2DD5CB21-2C46-4971-BE67-2AA054B3914E}"
EndProject
Project("{FAE04EC0-301F-11D3-BF4B-00C04F79EFBC}") = "EducationManagement_DLL", "EducationManagement_DLL\EducationManagement_DLL.csproj", "{304772E8-0889-4FA3-8E4E-5C21863D680A}"
EndProject
Global
	GlobalSection(SolutionConfigurationPlatforms) = preSolution
		Debug|Any CPU = Debug|Any CPU
		Release|Any CPU = Release|Any CPU
	EndGlobalSection
	GlobalSection(ProjectConfigurationPlatforms) = postSolution
		{2DD5CB21-2C46-4971-BE67-2AA054B3914E}.Debug|Any CPU.ActiveCfg = Debug|Any CPU
		{2DD5CB21-2C46-4971-BE67-2AA054B3914E}.Debug|Any CPU.Build.0 = Debug|Any CPU
		{2DD5CB21-2C46-4971-BE67-2AA054B3914E}.Release|Any CPU.ActiveCfg = Release|Any CPU
		{2DD5CB21-2C46-4971-BE67-2AA054B3914E}.Release|Any CPU.Build.0 = Release|Any CPU
		{304772E8-0889-4FA3-8E4E-5C21863D680A}.Debug|Any CPU.ActiveCfg = Debug|Any CPU
		{304772E8-0889-4FA3-8E4E-5C21863D680A}.Debug|Any CPU.Build.0 = Debug|Any CPU
		{304772E8-0889-4FA3-8E4E-5C21863D680A}.Release|Any CPU.ActiveCfg = Release|Any CPU
		{304772E8-0889-4FA3-8E4E-5C21863D680A}.Release|Any CPU.Build.0 = Release|Any CPU
	EndGlobalSection
	GlobalSection(SolutionProperties) = preSolution
		HideSolutionNode = FALSE
	EndGlobalSection
	GlobalSection(ExtensibilityGlobals) = postSolution
		SolutionGuid = {01E26128-20F8-4789-A48F-9D854312762B}
	EndGlobalSection
EndGlobal
